
Microsoft Visual Studio Solution File, Format Version 12.00
# Visual Studio Version 17
VisualStudioVersion = 17.2.32519.379
MinimumVisualStudioVersion = 10.0.40219.1
Project("{9A19103F-16F7-4668-BE54-9A1E7A4F7556}") = "ConsoleApp1", "ConsoleApp1\ConsoleApp1.csproj", "{7DB77C5D-6C6A-447A-B98B-882F463C5163}"
EndProject
Project("{2150E333-8FDC-42A3-9474-1A3956D46DE8}") = "NewFolder1", "NewFolder1", "{7885AA62-184B-4B2E-894D-BEE5CEB1B17F}"
EndProject
Global
	GlobalSection(SolutionConfigurationPlatforms) = preSolution
		Debug|Any CPU = Debug|Any CPU
		Release|Any CPU = Release|Any CPU
	EndGlobalSection
	GlobalSection(ProjectConfigurationPlatforms) = postSolution
		{7DB77C5D-6C6A-447A-B98B-882F463C5163}.Debug|Any CPU.ActiveCfg = Debug|Any CPU
		{7DB77C5D-6C6A-447A-B98B-882F463C5163}.Debug|Any CPU.Build.0 = Debug|Any CPU
		{7DB77C5D-6C6A-447A-B98B-882F463C5163}.Release|Any CPU.ActiveCfg = Release|Any CPU
		{7DB77C5D-6C6A-447A-B98B-882F463C5163}.Release|Any CPU.Build.0 = Release|Any CPU
	EndGlobalSection
	GlobalSection(SolutionProperties) = preSolution
		HideSolutionNode = FALSE
	EndGlobalSection
	GlobalSection(ExtensibilityGlobals) = postSolution
		SolutionGuid = {4C8788DD-CD66-4A3A-8B33-F7DD63109EF5}
	EndGlobalSection
EndGlobal
